
Microsoft Visual Studio Solution File, Format Version 12.00
# Visual Studio 2013
VisualStudioVersion = 12.0.30501.0
MinimumVisualStudioVersion = 10.0.40219.1
Project("{D2ABAB84-BF74-430A-B69E-9DC6D40DDA17}") = "SSAS_FOOD_INSPECTIONS", "SSAS_FOOD_INSPECTIONS\SSAS_FOOD_INSPECTIONS.dwproj", "{E18B3468-46C5-4C1E-97DA-618BE3E8F309}"
EndProject
Global
	GlobalSection(SolutionConfigurationPlatforms) = preSolution
		Development|Default = Development|Default
	EndGlobalSection
	GlobalSection(ProjectConfigurationPlatforms) = postSolution
		{E18B3468-46C5-4C1E-97DA-618BE3E8F309}.Development|Default.ActiveCfg = Development
		{E18B3468-46C5-4C1E-97DA-618BE3E8F309}.Development|Default.Build.0 = Development
		{E18B3468-46C5-4C1E-97DA-618BE3E8F309}.Development|Default.Deploy.0 = Development
	EndGlobalSection
	GlobalSection(SolutionProperties) = preSolution
		HideSolutionNode = FALSE
	EndGlobalSection
EndGlobal
